
Microsoft Visual Studio Solution File, Format Version 12.00
# Visual Studio Version 16
VisualStudioVersion = 16.0.30717.126
MinimumVisualStudioVersion = 10.0.40219.1
Project("{9A19103F-16F7-4668-BE54-9A1E7A4F7556}") = "BP-Webshop", "BP-Webshop.csproj", "{F9DADE20-B70D-4488-97A1-65A0DDB29E8D}"
EndProject
Project("{FAE04EC0-301F-11D3-BF4B-00C04F79EFBC}") = "TestingOnOrder", "..\TestingOnOrder\TestingOnOrder.csproj", "{7B5490E2-B22F-417D-ACDA-80E4837F2866}"
EndProject
Global
	GlobalSection(SolutionConfigurationPlatforms) = preSolution
		Debug|Any CPU = Debug|Any CPU
		Release|Any CPU = Release|Any CPU
	EndGlobalSection
	GlobalSection(ProjectConfigurationPlatforms) = postSolution
		{F9DADE20-B70D-4488-97A1-65A0DDB29E8D}.Debug|Any CPU.ActiveCfg = Debug|Any CPU
		{F9DADE20-B70D-4488-97A1-65A0DDB29E8D}.Debug|Any CPU.Build.0 = Debug|Any CPU
		{F9DADE20-B70D-4488-97A1-65A0DDB29E8D}.Release|Any CPU.ActiveCfg = Release|Any CPU
		{F9DADE20-B70D-4488-97A1-65A0DDB29E8D}.Release|Any CPU.Build.0 = Release|Any CPU
		{7B5490E2-B22F-417D-ACDA-80E4837F2866}.Debug|Any CPU.ActiveCfg = Debug|Any CPU
		{7B5490E2-B22F-417D-ACDA-80E4837F2866}.Debug|Any CPU.Build.0 = Debug|Any CPU
		{7B5490E2-B22F-417D-ACDA-80E4837F2866}.Release|Any CPU.ActiveCfg = Release|Any CPU
		{7B5490E2-B22F-417D-ACDA-80E4837F2866}.Release|Any CPU.Build.0 = Release|Any CPU
	EndGlobalSection
	GlobalSection(SolutionProperties) = preSolution
		HideSolutionNode = FALSE
	EndGlobalSection
	GlobalSection(ExtensibilityGlobals) = postSolution
		SolutionGuid = {4CB97E0E-D178-494C-B809-5992A85B2381}
	EndGlobalSection
EndGlobal
