
Microsoft Visual Studio Solution File, Format Version 12.00
# Visual Studio Version 16
VisualStudioVersion = 16.0.30717.126
MinimumVisualStudioVersion = 10.0.40219.1
Project("{9A19103F-16F7-4668-BE54-9A1E7A4F7556}") = "BP-Webshop", "BP-Webshop.csproj", "{F9DADE20-B70D-4488-97A1-65A0DDB29E8D}"
EndProject
Project("{FAE04EC0-301F-11D3-BF4B-00C04F79EFBC}") = "BP-UnitTest", "..\BP-UnitTest\BP-UnitTest.csproj", "{72572690-D37E-42B0-A1E3-9C7339B99099}"
EndProject
Project("{FAE04EC0-301F-11D3-BF4B-00C04F79EFBC}") = "BP-UnitTesting", "..\BP-UnitTesting\BP-UnitTesting.csproj", "{6E86FA34-4A1C-4C8B-A71B-10FA9EB2EF46}"
EndProject
Global
	GlobalSection(SolutionConfigurationPlatforms) = preSolution
		Debug|Any CPU = Debug|Any CPU
		Release|Any CPU = Release|Any CPU
	EndGlobalSection
	GlobalSection(ProjectConfigurationPlatforms) = postSolution
		{F9DADE20-B70D-4488-97A1-65A0DDB29E8D}.Debug|Any CPU.ActiveCfg = Debug|Any CPU
		{F9DADE20-B70D-4488-97A1-65A0DDB29E8D}.Debug|Any CPU.Build.0 = Debug|Any CPU
		{F9DADE20-B70D-4488-97A1-65A0DDB29E8D}.Release|Any CPU.ActiveCfg = Release|Any CPU
		{F9DADE20-B70D-4488-97A1-65A0DDB29E8D}.Release|Any CPU.Build.0 = Release|Any CPU
		{72572690-D37E-42B0-A1E3-9C7339B99099}.Debug|Any CPU.ActiveCfg = Debug|Any CPU
		{72572690-D37E-42B0-A1E3-9C7339B99099}.Debug|Any CPU.Build.0 = Debug|Any CPU
		{72572690-D37E-42B0-A1E3-9C7339B99099}.Release|Any CPU.ActiveCfg = Release|Any CPU
		{72572690-D37E-42B0-A1E3-9C7339B99099}.Release|Any CPU.Build.0 = Release|Any CPU
		{6E86FA34-4A1C-4C8B-A71B-10FA9EB2EF46}.Debug|Any CPU.ActiveCfg = Debug|Any CPU
		{6E86FA34-4A1C-4C8B-A71B-10FA9EB2EF46}.Debug|Any CPU.Build.0 = Debug|Any CPU
		{6E86FA34-4A1C-4C8B-A71B-10FA9EB2EF46}.Release|Any CPU.ActiveCfg = Release|Any CPU
		{6E86FA34-4A1C-4C8B-A71B-10FA9EB2EF46}.Release|Any CPU.Build.0 = Release|Any CPU
	EndGlobalSection
	GlobalSection(SolutionProperties) = preSolution
		HideSolutionNode = FALSE
	EndGlobalSection
	GlobalSection(ExtensibilityGlobals) = postSolution
		SolutionGuid = {4CB97E0E-D178-494C-B809-5992A85B2381}
	EndGlobalSection
EndGlobal
